
Microsoft Visual Studio Solution File, Format Version 12.00
# Visual Studio Version 16
VisualStudioVersion = 16.0.32602.291
MinimumVisualStudioVersion = 10.0.40219.1
Project("{FAE04EC0-301F-11D3-BF4B-00C04F79EFBC}") = "CalcualtorVS2019", "CalcualtorVS2019\CalcualtorVS2019.csproj", "{7DDB75AE-E644-4416-9F50-7CD34F7BAC32}"
EndProject
Project("{FAE04EC0-301F-11D3-BF4B-00C04F79EFBC}") = "CalculatorTester", "CalculatorTester\CalculatorTester.csproj", "{3F6F5409-9F82-49C6-AED0-920E84AD695C}"
EndProject
Global
	GlobalSection(SolutionConfigurationPlatforms) = preSolution
		Debug|Any CPU = Debug|Any CPU
		Release|Any CPU = Release|Any CPU
	EndGlobalSection
	GlobalSection(ProjectConfigurationPlatforms) = postSolution
		{7DDB75AE-E644-4416-9F50-7CD34F7BAC32}.Debug|Any CPU.ActiveCfg = Debug|Any CPU
		{7DDB75AE-E644-4416-9F50-7CD34F7BAC32}.Debug|Any CPU.Build.0 = Debug|Any CPU
		{7DDB75AE-E644-4416-9F50-7CD34F7BAC32}.Release|Any CPU.ActiveCfg = Release|Any CPU
		{7DDB75AE-E644-4416-9F50-7CD34F7BAC32}.Release|Any CPU.Build.0 = Release|Any CPU
		{3F6F5409-9F82-49C6-AED0-920E84AD695C}.Debug|Any CPU.ActiveCfg = Debug|Any CPU
		{3F6F5409-9F82-49C6-AED0-920E84AD695C}.Debug|Any CPU.Build.0 = Debug|Any CPU
		{3F6F5409-9F82-49C6-AED0-920E84AD695C}.Release|Any CPU.ActiveCfg = Release|Any CPU
		{3F6F5409-9F82-49C6-AED0-920E84AD695C}.Release|Any CPU.Build.0 = Release|Any CPU
	EndGlobalSection
	GlobalSection(SolutionProperties) = preSolution
		HideSolutionNode = FALSE
	EndGlobalSection
	GlobalSection(ExtensibilityGlobals) = postSolution
		SolutionGuid = {B779B175-A9A0-4F9C-B07A-DE09A65A74F1}
	EndGlobalSection
EndGlobal
